
Microsoft Visual Studio Solution File, Format Version 12.00
Project("{FAE04EC0-301F-11D3-BF4B-00C04F79EFBC}") = "Tutorial1", "Tutorial1\Tutorial1.csproj", "{61A1B886-88D0-4499-8AEA-181305C78CBA}"
EndProject
Global
	GlobalSection(SolutionConfigurationPlatforms) = preSolution
		Debug|Any CPU = Debug|Any CPU
		Release|Any CPU = Release|Any CPU
	EndGlobalSection
	GlobalSection(ProjectConfigurationPlatforms) = postSolution
		{61A1B886-88D0-4499-8AEA-181305C78CBA}.Debug|Any CPU.ActiveCfg = Debug|Any CPU
		{61A1B886-88D0-4499-8AEA-181305C78CBA}.Debug|Any CPU.Build.0 = Debug|Any CPU
		{61A1B886-88D0-4499-8AEA-181305C78CBA}.Release|Any CPU.ActiveCfg = Release|Any CPU
		{61A1B886-88D0-4499-8AEA-181305C78CBA}.Release|Any CPU.Build.0 = Release|Any CPU
	EndGlobalSection
EndGlobal
